<?xml version="1.0" encoding="utf-8"?>
<Project ToolsVersion="4.0" xmlns="http://schemas.microsoft.com/developer/msbuild/2003">
  <ItemGroup>
    <Filter Include="Header">
      <UniqueIdentifier>{57706d61-e23f-4f20-a726-a0bc23af7657}</UniqueIdentifier>
    </Filter>
    <Filter Include="Src">
      <UniqueIdentifier>{ff51cbf3-856c-4a41-b26b-0a24b533a5ad}</UniqueIdentifier>
    </Filter>
  </ItemGroup>
  <ItemGroup>
    <ClCompile Include="..\Src\CH3D.cpp">
      <Filter>Src</Filter>
    </ClCompile>
    <ClCompile Include="..\Src\Dir3D.cpp">
      <Filter>Src</Filter>
    </ClCompile>
    <ClCompile Include="..\Src\main.cpp">
      <Filter>Src</Filter>
    </ClCompile>
    <ClCompile Include="..\Src\Map.cpp">
      <Filter>Src</Filter>
    </ClCompile>
    <ClCompile Include="..\Src\Pos3D.cpp">
      <Filter>Src</Filter>
    </ClCompile>
    <ClCompile Include="..\Src\TG3D.cpp">
      <Filter>Src</Filter>
    </ClCompile>
    <ClCompile Include="..\Src\Personnage.cpp">
      <Filter>Src</Filter>
    </ClCompile>
    <ClCompile Include="..\Src\Room.cpp">
      <Filter>Src</Filter>
    </ClCompile>
    <ClCompile Include="..\Src\Leaf.cpp">
      <Filter>Src</Filter>
    </ClCompile>
  </ItemGroup>
  <ItemGroup>
    <ClInclude Include="..\Header\CH3D.h">
      <Filter>Header</Filter>
    </ClInclude>
    <ClInclude Include="..\Header\Dir3D.h">
      <Filter>Header</Filter>
    </ClInclude>
    <ClInclude Include="..\Header\Map.h">
      <Filter>Header</Filter>
    </ClInclude>
    <ClInclude Include="..\Header\Pos3D.h">
      <Filter>Header</Filter>
    </ClInclude>
    <ClInclude Include="..\Header\TG3D.h">
      <Filter>Header</Filter>
    </ClInclude>
    <ClInclude Include="..\Header\Personnage.h">
      <Filter>Header</Filter>
    </ClInclude>
    <ClInclude Include="..\Header\Room.h">
      <Filter>Header</Filter>
    </ClInclude>
    <ClInclude Include="..\Header\Leaf.h">
      <Filter>Header</Filter>
    </ClInclude>
  </ItemGroup>
  <ItemGroup>
    <Library Include="..\Lib\glut32.ms.lib" />
  </ItemGroup>
</Project>